
Microsoft Visual Studio Solution File, Format Version 12.00
# Visual Studio Version 17
VisualStudioVersion = 17.8.34309.116
MinimumVisualStudioVersion = 10.0.40219.1
Project("{2150E333-8FDC-42A3-9474-1A3956D46DE8}") = "Services", "Services", "{F08D2E36-8B72-4393-9B97-EBF4904553A4}"
EndProject
Project("{2150E333-8FDC-42A3-9474-1A3956D46DE8}") = "Catalog", "Catalog", "{E6CA0A42-AE59-45EA-8790-621D84AF3770}"
EndProject
Project("{FAE04EC0-301F-11D3-BF4B-00C04F79EFBC}") = "Course.Services.Catalog", "Services\Catalog\Course.Services.Catalog\Course.Services.Catalog.csproj", "{4BC45968-B7C1-4D12-8A32-E0CD020A2FB9}"
EndProject
Project("{2150E333-8FDC-42A3-9474-1A3956D46DE8}") = "Solution Items", "Solution Items", "{0F042A7D-D76A-4EF6-AD86-6EFFD400D35B}"
	ProjectSection(SolutionItems) = preProject
		Port.txt = Port.txt
	EndProjectSection
EndProject
Project("{2150E333-8FDC-42A3-9474-1A3956D46DE8}") = "Shared", "Shared", "{95FD5D5D-847A-4690-9724-CDC8DC0F5D35}"
EndProject
Project("{FAE04EC0-301F-11D3-BF4B-00C04F79EFBC}") = "Course.Shared", "Shared\Course.Shared\Course.Shared.csproj", "{FBBF104C-1568-494D-BCE5-590FC857D439}"
EndProject
Global
	GlobalSection(SolutionConfigurationPlatforms) = preSolution
		Debug|Any CPU = Debug|Any CPU
		Release|Any CPU = Release|Any CPU
	EndGlobalSection
	GlobalSection(ProjectConfigurationPlatforms) = postSolution
		{4BC45968-B7C1-4D12-8A32-E0CD020A2FB9}.Debug|Any CPU.ActiveCfg = Debug|Any CPU
		{4BC45968-B7C1-4D12-8A32-E0CD020A2FB9}.Debug|Any CPU.Build.0 = Debug|Any CPU
		{4BC45968-B7C1-4D12-8A32-E0CD020A2FB9}.Release|Any CPU.ActiveCfg = Release|Any CPU
		{4BC45968-B7C1-4D12-8A32-E0CD020A2FB9}.Release|Any CPU.Build.0 = Release|Any CPU
		{FBBF104C-1568-494D-BCE5-590FC857D439}.Debug|Any CPU.ActiveCfg = Debug|Any CPU
		{FBBF104C-1568-494D-BCE5-590FC857D439}.Debug|Any CPU.Build.0 = Debug|Any CPU
		{FBBF104C-1568-494D-BCE5-590FC857D439}.Release|Any CPU.ActiveCfg = Release|Any CPU
		{FBBF104C-1568-494D-BCE5-590FC857D439}.Release|Any CPU.Build.0 = Release|Any CPU
	EndGlobalSection
	GlobalSection(SolutionProperties) = preSolution
		HideSolutionNode = FALSE
	EndGlobalSection
	GlobalSection(NestedProjects) = preSolution
		{E6CA0A42-AE59-45EA-8790-621D84AF3770} = {F08D2E36-8B72-4393-9B97-EBF4904553A4}
		{4BC45968-B7C1-4D12-8A32-E0CD020A2FB9} = {E6CA0A42-AE59-45EA-8790-621D84AF3770}
		{FBBF104C-1568-494D-BCE5-590FC857D439} = {95FD5D5D-847A-4690-9724-CDC8DC0F5D35}
	EndGlobalSection
	GlobalSection(ExtensibilityGlobals) = postSolution
		SolutionGuid = {ECB7A1A6-C6A3-4A96-8152-83B453610536}
	EndGlobalSection
EndGlobal
